
Microsoft Visual Studio Solution File, Format Version 12.00
# Visual Studio Version 16
VisualStudioVersion = 16.0.31702.278
MinimumVisualStudioVersion = 10.0.40219.1
Project("{FAE04EC0-301F-11D3-BF4B-00C04F79EFBC}") = "ReadJsonTaskWithSemaphore", "ReadJsonTaskWithSemaphore\ReadJsonTaskWithSemaphore.csproj", "{ADB2387B-67BC-46E3-95B3-C176C108703A}"
EndProject
Global
	GlobalSection(SolutionConfigurationPlatforms) = preSolution
		Debug|Any CPU = Debug|Any CPU
		Release|Any CPU = Release|Any CPU
	EndGlobalSection
	GlobalSection(ProjectConfigurationPlatforms) = postSolution
		{ADB2387B-67BC-46E3-95B3-C176C108703A}.Debug|Any CPU.ActiveCfg = Debug|Any CPU
		{ADB2387B-67BC-46E3-95B3-C176C108703A}.Debug|Any CPU.Build.0 = Debug|Any CPU
		{ADB2387B-67BC-46E3-95B3-C176C108703A}.Release|Any CPU.ActiveCfg = Release|Any CPU
		{ADB2387B-67BC-46E3-95B3-C176C108703A}.Release|Any CPU.Build.0 = Release|Any CPU
	EndGlobalSection
	GlobalSection(SolutionProperties) = preSolution
		HideSolutionNode = FALSE
	EndGlobalSection
	GlobalSection(ExtensibilityGlobals) = postSolution
		SolutionGuid = {43BA311A-3AC6-4DF0-BAE3-6E52FA1FA24A}
	EndGlobalSection
EndGlobal
